
Microsoft Visual Studio Solution File, Format Version 12.00
# Visual Studio 15
VisualStudioVersion = 15.0.28010.2050
MinimumVisualStudioVersion = 10.0.40219.1
Project("{888888A0-9F3D-457C-B088-3A5042F75D52}") = "webscraping", "PythonApplication1\webscraping.pyproj", "{033BD034-99B0-43C4-9A5F-D9C537449D15}"
EndProject
Global
	GlobalSection(SolutionConfigurationPlatforms) = preSolution
		Debug|Any CPU = Debug|Any CPU
		Release|Any CPU = Release|Any CPU
	EndGlobalSection
	GlobalSection(ProjectConfigurationPlatforms) = postSolution
		{033BD034-99B0-43C4-9A5F-D9C537449D15}.Debug|Any CPU.ActiveCfg = Debug|Any CPU
		{033BD034-99B0-43C4-9A5F-D9C537449D15}.Release|Any CPU.ActiveCfg = Release|Any CPU
	EndGlobalSection
	GlobalSection(SolutionProperties) = preSolution
		HideSolutionNode = FALSE
	EndGlobalSection
	GlobalSection(ExtensibilityGlobals) = postSolution
		SolutionGuid = {098F4A63-0FDE-4D82-ABDE-F121CFA7D4F8}
	EndGlobalSection
EndGlobal
